
Microsoft Visual Studio Solution File, Format Version 12.00
# Visual Studio Version 16
VisualStudioVersion = 16.0.29411.108
MinimumVisualStudioVersion = 10.0.40219.1
Project("{9A19103F-16F7-4668-BE54-9A1E7A4F7556}") = "Core", "Core\Core.csproj", "{8D666434-C07E-4A74-93F5-A0EF313466BC}"
EndProject
Project("{9A19103F-16F7-4668-BE54-9A1E7A4F7556}") = "AzurePlay.Functions.MediaManager", "AzurePlay.Functions.MediaManager\AzurePlay.Functions.MediaManager.csproj", "{3EC48AD1-0231-4660-8FE3-5716A5CC91FF}"
EndProject
Project("{9A19103F-16F7-4668-BE54-9A1E7A4F7556}") = "AzurePlay.Common", "AzurePlay.Common\AzurePlay.Common.csproj", "{FBFEECBE-045A-4FFC-B0AD-D313E28E8EE7}"
EndProject
Project("{FAE04EC0-301F-11D3-BF4B-00C04F79EFBC}") = "AzurePlay.Web", "AzurePlay.Web\AzurePlay.Web.csproj", "{15D6B80F-BF0E-49C6-953C-ACDDC9DFFE37}"
EndProject
Global
	GlobalSection(SolutionConfigurationPlatforms) = preSolution
		Debug|Any CPU = Debug|Any CPU
		Release|Any CPU = Release|Any CPU
	EndGlobalSection
	GlobalSection(ProjectConfigurationPlatforms) = postSolution
		{8D666434-C07E-4A74-93F5-A0EF313466BC}.Debug|Any CPU.ActiveCfg = Debug|Any CPU
		{8D666434-C07E-4A74-93F5-A0EF313466BC}.Debug|Any CPU.Build.0 = Debug|Any CPU
		{8D666434-C07E-4A74-93F5-A0EF313466BC}.Release|Any CPU.ActiveCfg = Release|Any CPU
		{8D666434-C07E-4A74-93F5-A0EF313466BC}.Release|Any CPU.Build.0 = Release|Any CPU
		{3EC48AD1-0231-4660-8FE3-5716A5CC91FF}.Debug|Any CPU.ActiveCfg = Debug|Any CPU
		{3EC48AD1-0231-4660-8FE3-5716A5CC91FF}.Debug|Any CPU.Build.0 = Debug|Any CPU
		{3EC48AD1-0231-4660-8FE3-5716A5CC91FF}.Release|Any CPU.ActiveCfg = Release|Any CPU
		{3EC48AD1-0231-4660-8FE3-5716A5CC91FF}.Release|Any CPU.Build.0 = Release|Any CPU
		{FBFEECBE-045A-4FFC-B0AD-D313E28E8EE7}.Debug|Any CPU.ActiveCfg = Debug|Any CPU
		{FBFEECBE-045A-4FFC-B0AD-D313E28E8EE7}.Debug|Any CPU.Build.0 = Debug|Any CPU
		{FBFEECBE-045A-4FFC-B0AD-D313E28E8EE7}.Release|Any CPU.ActiveCfg = Release|Any CPU
		{FBFEECBE-045A-4FFC-B0AD-D313E28E8EE7}.Release|Any CPU.Build.0 = Release|Any CPU
		{15D6B80F-BF0E-49C6-953C-ACDDC9DFFE37}.Debug|Any CPU.ActiveCfg = Debug|Any CPU
		{15D6B80F-BF0E-49C6-953C-ACDDC9DFFE37}.Debug|Any CPU.Build.0 = Debug|Any CPU
		{15D6B80F-BF0E-49C6-953C-ACDDC9DFFE37}.Release|Any CPU.ActiveCfg = Release|Any CPU
		{15D6B80F-BF0E-49C6-953C-ACDDC9DFFE37}.Release|Any CPU.Build.0 = Release|Any CPU
	EndGlobalSection
	GlobalSection(SolutionProperties) = preSolution
		HideSolutionNode = FALSE
	EndGlobalSection
	GlobalSection(ExtensibilityGlobals) = postSolution
		SolutionGuid = {F16ADEC2-49CC-48F3-A33E-1E62B719031E}
	EndGlobalSection
EndGlobal
